{
  "version": 2,
  "dependencies": {
    "net10.0": {
      "Aspire.Dashboard.Sdk.win-x64": {
        "type": "Direct",
        "requested": "[9.3.1, )",
        "resolved": "9.3.1",
        "contentHash": "0BAjVEMMBOkGaxVK3AioTiJKN2nyB+0hjvf8k2ek9LUIMowE2WvQfGUZhdZJaqmfqUCMdmFuhqNzkgubclIcXQ=="
      },
      "Aspire.Hosting.AppHost": {
        "type": "Direct",
        "requested": "[9.3.1, )",
        "resolved": "9.3.1",
        "contentHash": "U7lENUUkk97FpGsu6BLi2OA9RNaHKriyLw/t6Q/YOZrsch3PoEH09Hs7UCHfZIErKT40BczHjOvGP0uebNU8Tw==",
        "dependencies": {
          "AspNetCore.HealthChecks.Uris": "9.0.0",
          "Aspire.Hosting": "9.3.1",
          "Google.Protobuf": "3.30.2",
          "Grpc.AspNetCore": "2.71.0",
          "Grpc.Net.ClientFactory": "2.71.0",
          "Grpc.Tools": "2.72.0",
          "Humanizer.Core": "2.14.1",
          "JsonPatch.Net": "3.3.0",
          "KubernetesClient": "16.0.7",
          "Microsoft.Extensions.Configuration.Abstractions": "9.0.4",
          "Microsoft.Extensions.Configuration.Binder": "9.0.4",
          "Microsoft.Extensions.DependencyInjection.Abstractions": "9.0.4",
          "Microsoft.Extensions.Diagnostics.HealthChecks": "9.0.4",
          "Microsoft.Extensions.Hosting": "9.0.4",
          "Microsoft.Extensions.Hosting.Abstractions": "9.0.4",
          "Microsoft.Extensions.Http": "9.0.4",
          "Microsoft.Extensions.Logging.Abstractions": "9.0.4",
          "Microsoft.Extensions.Options": "9.0.4",
          "Microsoft.Extensions.Primitives": "9.0.4",
          "Newtonsoft.Json": "13.0.3",
          "Polly.Core": "8.5.2",
          "StreamJsonRpc": "2.21.69",
          "System.IO.Hashing": "9.0.4"
        }
      },
      "Aspire.Hosting.Orchestration.win-x64": {
        "type": "Direct",
        "requested": "[9.3.1, )",
        "resolved": "9.3.1",
        "contentHash": "8tA+G0AHRF2DCg0WVwvXTwDGZYXetRlG9E+5UIfdB10lj6MqOSEVr6/1h9lIAQuTwy8HWtI7o8GyDotKg5AWeQ=="
      },
      "Aspire.Hosting.PostgreSQL": {
        "type": "Direct",
        "requested": "[9.3.1, )",
        "resolved": "9.3.1",
        "contentHash": "YYmCU6zZCoaKCDLzQStgO4kr2sBhUGfMBXkR+SNpi93bFfq2lK3pPAR7EYM0kY+cCq29efUU82j8AGTREfg7nw==",
        "dependencies": {
          "AspNetCore.HealthChecks.NpgSql": "9.0.0",
          "AspNetCore.HealthChecks.Uris": "9.0.0",
          "Aspire.Hosting": "9.3.1",
          "Google.Protobuf": "3.30.2",
          "Grpc.AspNetCore": "2.71.0",
          "Grpc.Net.ClientFactory": "2.71.0",
          "Grpc.Tools": "2.72.0",
          "Humanizer.Core": "2.14.1",
          "JsonPatch.Net": "3.3.0",
          "KubernetesClient": "16.0.7",
          "Microsoft.Extensions.Configuration.Abstractions": "8.0.0",
          "Microsoft.Extensions.Configuration.Binder": "8.0.2",
          "Microsoft.Extensions.DependencyInjection.Abstractions": "8.0.2",
          "Microsoft.Extensions.Diagnostics.HealthChecks": "8.0.15",
          "Microsoft.Extensions.Hosting": "8.0.1",
          "Microsoft.Extensions.Hosting.Abstractions": "8.0.1",
          "Microsoft.Extensions.Http": "8.0.1",
          "Microsoft.Extensions.Logging.Abstractions": "8.0.3",
          "Microsoft.Extensions.Options": "8.0.2",
          "Microsoft.Extensions.Primitives": "8.0.0",
          "Newtonsoft.Json": "13.0.3",
          "Polly.Core": "8.5.2",
          "StreamJsonRpc": "2.21.69",
          "System.IO.Hashing": "9.0.4"
        }
      },
      "Aspire.Hosting.Redis": {
        "type": "Direct",
        "requested": "[9.3.1, )",
        "resolved": "9.3.1",
        "contentHash": "RJzbON2N0cj/WlYyMRhyExKBUHDwcsbYGfI0eMZPjgoVEkQz0MuYjDeAVxRw3DxCn5QK7BVYqPQ0D09wDidGAw==",
        "dependencies": {
          "AspNetCore.HealthChecks.Redis": "9.0.0",
          "AspNetCore.HealthChecks.Uris": "9.0.0",
          "Aspire.Hosting": "9.3.1",
          "Google.Protobuf": "3.30.2",
          "Grpc.AspNetCore": "2.71.0",
          "Grpc.Net.ClientFactory": "2.71.0",
          "Grpc.Tools": "2.72.0",
          "Humanizer.Core": "2.14.1",
          "JsonPatch.Net": "3.3.0",
          "KubernetesClient": "16.0.7",
          "Microsoft.Extensions.Configuration.Abstractions": "8.0.0",
          "Microsoft.Extensions.Configuration.Binder": "8.0.2",
          "Microsoft.Extensions.DependencyInjection.Abstractions": "8.0.2",
          "Microsoft.Extensions.Diagnostics.HealthChecks": "8.0.15",
          "Microsoft.Extensions.Hosting": "8.0.1",
          "Microsoft.Extensions.Hosting.Abstractions": "8.0.1",
          "Microsoft.Extensions.Http": "8.0.1",
          "Microsoft.Extensions.Logging.Abstractions": "8.0.3",
          "Microsoft.Extensions.Options": "8.0.2",
          "Microsoft.Extensions.Primitives": "8.0.0",
          "Newtonsoft.Json": "13.0.3",
          "Polly.Core": "8.5.2",
          "StackExchange.Redis": "2.8.37",
          "StreamJsonRpc": "2.21.69",
          "System.IO.Hashing": "9.0.4"
        }
      },
      "CommunityToolkit.Diagnostics": {
        "type": "Direct",
        "requested": "[8.4.0, )",
        "resolved": "8.4.0",
        "contentHash": "/9Nuy8EWo0ZYQsjn3h4OGxjCWVYXl3TV3fvv29f8IVqplXgXGRzIpbtHEHGOfykh+TPbzUclzIfMCBzmgblKDA=="
      },
      "JetBrains.Annotations": {
        "type": "Direct",
        "requested": "[2024.3.0, )",
        "resolved": "2024.3.0",
        "contentHash": "ox5pkeLQXjvJdyAB4b2sBYAlqZGLh3PjSnP1bQNVx72ONuTJ9+34/+Rq91Fc0dG29XG9RgZur9+NcP4riihTug=="
      },
      "SonarAnalyzer.CSharp": {
        "type": "Direct",
        "requested": "[10.12.0.118525, )",
        "resolved": "10.12.0.118525",
        "contentHash": "uP38bsYegQBk8WOM6LYIAht6hrA7tcJgep/WuifPJjhjtjysPUP/iM/c1+P2+llNIDmm1s8Xh86+WG3K71eycw=="
      },
      "Aspire.Hosting": {
        "type": "Transitive",
        "resolved": "9.3.1",
        "contentHash": "9yVRi8TFV2VQD/7UFT2RezaPKa/91JisKIADAyrkaqJzNFBRQbh/z7xi4MQ6Bzugav/atOdAx4K/NCBdC6LZTg==",
        "dependencies": {
          "AspNetCore.HealthChecks.Uris": "9.0.0",
          "Google.Protobuf": "3.30.2",
          "Grpc.AspNetCore": "2.71.0",
          "Grpc.Net.ClientFactory": "2.71.0",
          "Grpc.Tools": "2.72.0",
          "Humanizer.Core": "2.14.1",
          "JsonPatch.Net": "3.3.0",
          "KubernetesClient": "16.0.7",
          "Microsoft.Extensions.Configuration.Abstractions": "8.0.0",
          "Microsoft.Extensions.Configuration.Binder": "8.0.2",
          "Microsoft.Extensions.DependencyInjection.Abstractions": "8.0.2",
          "Microsoft.Extensions.Diagnostics.HealthChecks": "8.0.15",
          "Microsoft.Extensions.Hosting": "8.0.1",
          "Microsoft.Extensions.Hosting.Abstractions": "8.0.1",
          "Microsoft.Extensions.Http": "8.0.1",
          "Microsoft.Extensions.Logging.Abstractions": "8.0.3",
          "Microsoft.Extensions.Options": "8.0.2",
          "Microsoft.Extensions.Primitives": "8.0.0",
          "Newtonsoft.Json": "13.0.3",
          "Polly.Core": "8.5.2",
          "StreamJsonRpc": "2.21.69",
          "System.IO.Hashing": "9.0.4"
        }
      },
      "AspNetCore.HealthChecks.NpgSql": {
        "type": "Transitive",
        "resolved": "9.0.0",
        "contentHash": "npc58/AD5zuVxERdhCl2Kb7WnL37mwX42SJcXIwvmEig0/dugOLg3SIwtfvvh3TnvTwR/sk5LYNkkPaBdks61A==",
        "dependencies": {
          "Microsoft.Extensions.Diagnostics.HealthChecks": "8.0.11",
          "Npgsql": "8.0.3"
        }
      },
      "AspNetCore.HealthChecks.Redis": {
        "type": "Transitive",
        "resolved": "9.0.0",
        "contentHash": "yNH0h8GLRbAf+PU5HNVLZ5hNeyq9mDVmRKO9xuZsme/znUYoBJlQvI0gq45gaZNlLncCHkMhR4o90MuT+gxxPw==",
        "dependencies": {
          "Microsoft.Extensions.Diagnostics.HealthChecks": "8.0.11",
          "StackExchange.Redis": "2.7.4"
        }
      },
      "AspNetCore.HealthChecks.Uris": {
        "type": "Transitive",
        "resolved": "9.0.0",
        "contentHash": "XYdNlA437KeF8p9qOpZFyNqAN+c0FXt/JjTvzH/Qans0q0O3pPE8KPnn39ucQQjR/Roum1vLTP3kXiUs8VHyuA==",
        "dependencies": {
          "Microsoft.Extensions.Diagnostics.HealthChecks": "8.0.11",
          "Microsoft.Extensions.Http": "8.0.0"
        }
      },
      "Fractions": {
        "type": "Transitive",
        "resolved": "7.3.0",
        "contentHash": "2bETFWLBc8b7Ut2SVi+bxhGVwiSpknHYGBh2PADyGWONLkTxT7bKyDRhF8ao+XUv90tq8Fl7GTPxSI5bacIRJw=="
      },
      "Google.Protobuf": {
        "type": "Transitive",
        "resolved": "3.30.2",
        "contentHash": "Y2aOVLIt75yeeEWigg9V9YnjsEm53sADtLGq0gLhwaXpk3iu8tYSoauolyhenagA2sWno2TQ2WujI0HQd6s1Vw=="
      },
      "Grpc.AspNetCore": {
        "type": "Transitive",
        "resolved": "2.71.0",
        "contentHash": "B4wAbNtAuHNiHAMxLFWL74wUElzNOOboFnypalqpX76piCOGz/w5FpilbVVYGboI4Qgl4ZmZsvDZ1zLwHNsjnw==",
        "dependencies": {
          "Google.Protobuf": "3.30.2",
          "Grpc.AspNetCore.Server.ClientFactory": "2.71.0",
          "Grpc.Tools": "2.71.0"
        }
      },
      "Grpc.AspNetCore.Server": {
        "type": "Transitive",
        "resolved": "2.71.0",
        "contentHash": "kv+9YVB6MqDYWIcstXvWrT7Xc1si/sfINzzSxvQfjC3aei+92gXDUXCH/Q+TEvi4QSICRqu92BYcrXUBW7cuOw==",
        "dependencies": {
          "Grpc.Net.Common": "2.71.0"
        }
      },
      "Grpc.AspNetCore.Server.ClientFactory": {
        "type": "Transitive",
        "resolved": "2.71.0",
        "contentHash": "AHvMxoC+esO1e/nOYBjxvn0WDHAfglcVBjtkBy6ohgnV+PzkF8UdkPHE02xnyPFaSokWGZKnWzjgd00x6EZpyQ==",
        "dependencies": {
          "Grpc.AspNetCore.Server": "2.71.0",
          "Grpc.Net.ClientFactory": "2.71.0"
        }
      },
      "Grpc.Core.Api": {
        "type": "Transitive",
        "resolved": "2.71.0",
        "contentHash": "QquqUC37yxsDzd1QaDRsH2+uuznWPTS8CVE2Yzwl3CvU4geTNkolQXoVN812M2IwT6zpv3jsZRc9ExJFNFslTg=="
      },
      "Grpc.Net.Client": {
        "type": "Transitive",
        "resolved": "2.71.0",
        "contentHash": "U1vr20r5ngoT9nlb7wejF28EKN+taMhJsV9XtK9MkiepTZwnKxxiarriiMfCHuDAfPUm9XUjFMn/RIuJ4YY61w==",
        "dependencies": {
          "Grpc.Net.Common": "2.71.0",
          "Microsoft.Extensions.Logging.Abstractions": "6.0.0"
        }
      },
      "Grpc.Net.ClientFactory": {
        "type": "Transitive",
        "resolved": "2.71.0",
        "contentHash": "8oPLwQLPo86fmcf9ghjCDyNsSWhtHc3CXa/AqwF8Su/pG7qAoeWWtbymsZhoNvCV9Zjzb6BDcIPKXLYt+O175g==",
        "dependencies": {
          "Grpc.Net.Client": "2.71.0",
          "Microsoft.Extensions.Http": "6.0.0"
        }
      },
      "Grpc.Net.Common": {
        "type": "Transitive",
        "resolved": "2.71.0",
        "contentHash": "v0c8R97TwRYwNXlC8GyRXwYTCNufpDfUtj9la+wUrZFzVWkFJuNAltU+c0yI3zu0jl54k7en6u2WKgZgd57r2Q==",
        "dependencies": {
          "Grpc.Core.Api": "2.71.0"
        }
      },
      "Grpc.Tools": {
        "type": "Transitive",
        "resolved": "2.72.0",
        "contentHash": "BCiuQ03EYjLHCo9hqZmY5barsz5vvcz/+/ICt5wCbukaePHZmMPDGelKlkxWx3q+f5xOMNHa9zXQ2N6rQZ4B+w=="
      },
      "Humanizer.Core": {
        "type": "Transitive",
        "resolved": "2.14.1",
        "contentHash": "lQKvtaTDOXnoVJ20ibTuSIOf2i0uO0MPbDhd1jm238I+U/2ZnRENj0cktKZhtchBMtCUSRQ5v4xBCUbKNmyVMw=="
      },
      "Json.More.Net": {
        "type": "Transitive",
        "resolved": "2.1.0",
        "contentHash": "qtwsyAsL55y2vB2/sK4Pjg3ZyVzD5KKSpV3lOAMHlnjFfsjQ/86eHJfQT9aV1YysVXzF4+xyHOZbh7Iu3YQ7Lg=="
      },
      "JsonPatch.Net": {
        "type": "Transitive",
        "resolved": "3.3.0",
        "contentHash": "GIcMMDtzfzVfIpQgey8w7dhzcw6jG5nD4DDAdQCTmHfblkCvN7mI8K03to8YyUhKMl4PTR6D6nLSvWmyOGFNTg==",
        "dependencies": {
          "JsonPointer.Net": "5.2.0"
        }
      },
      "JsonPointer.Net": {
        "type": "Transitive",
        "resolved": "5.2.0",
        "contentHash": "qe1F7Tr/p4mgwLPU9P60MbYkp+xnL2uCPnWXGgzfR/AZCunAZIC0RZ32dLGJJEhSuLEfm0YF/1R3u5C7mEVq+w==",
        "dependencies": {
          "Humanizer.Core": "2.14.1",
          "Json.More.Net": "2.1.0"
        }
      },
      "KubernetesClient": {
        "type": "Transitive",
        "resolved": "16.0.7",
        "contentHash": "hH+YN18bpIRO/rq2CiMGDpLpc/KjSMlAn4EelFB4PgiswbSie4jANLAOou1Q39Kx7en2jO1Qp73y3SkjxGJIMg==",
        "dependencies": {
          "Fractions": "7.3.0",
          "YamlDotNet": "16.3.0"
        }
      },
      "MessagePack": {
        "type": "Transitive",
        "resolved": "2.5.192",
        "contentHash": "Jtle5MaFeIFkdXtxQeL9Tu2Y3HsAQGoSntOzrn6Br/jrl6c8QmG22GEioT5HBtZJR0zw0s46OnKU8ei2M3QifA==",
        "dependencies": {
          "MessagePack.Annotations": "2.5.192",
          "Microsoft.NET.StringTools": "17.6.3"
        }
      },
      "MessagePack.Annotations": {
        "type": "Transitive",
        "resolved": "2.5.192",
        "contentHash": "jaJuwcgovWIZ8Zysdyf3b7b34/BrADw4v82GaEZymUhDd3ScMPrYd/cttekeDteJJPXseJxp04yTIcxiVUjTWg=="
      },
      "Microsoft.Extensions.Configuration": {
        "type": "Transitive",
        "resolved": "10.0.0-preview.5.25277.114",
        "contentHash": "wYa8Nt9b9resDOMFn2zr2aPLzF4NsJfhL3B4MRaUoR7+ZcVh+Pv8KEq3i9WI8rCKvpslHF3i4jV4e1HZqHC/aw==",
        "dependencies": {
          "Microsoft.Extensions.Configuration.Abstractions": "10.0.0-preview.5.25277.114",
          "Microsoft.Extensions.Primitives": "10.0.0-preview.5.25277.114"
        }
      },
      "Microsoft.Extensions.Configuration.Abstractions": {
        "type": "Transitive",
        "resolved": "10.0.0-preview.5.25277.114",
        "contentHash": "4DyEA5PDBHlHgTURPUI8IkkVgdKEDCLcz9/7V9bexbp0PKT9G8bynhi+hJsmA431ituTiRPg/xY560WXvylcTQ==",
        "dependencies": {
          "Microsoft.Extensions.Primitives": "10.0.0-preview.5.25277.114"
        }
      },
      "Microsoft.Extensions.Configuration.Binder": {
        "type": "Transitive",
        "resolved": "10.0.0-preview.5.25277.114",
        "contentHash": "f9wWrb7mPdK1IZSEQkFYzR7i+LRVdIxJnHmQXSCS6Rh5OKP/AxugY2AFaRElkZ6gPvUI0kWnSArrVDTxU+nYzw==",
        "dependencies": {
          "Microsoft.Extensions.Configuration.Abstractions": "10.0.0-preview.5.25277.114"
        }
      },
      "Microsoft.Extensions.Configuration.CommandLine": {
        "type": "Transitive",
        "resolved": "10.0.0-preview.5.25277.114",
        "contentHash": "SvoCFwm+yqBvRHJnLy/JMSnCUwsJg762x0UfjfIO1LciRxcwd+w141kOQIgtDlDAiBHyhElt0LOr+dCKIAy8JQ==",
        "dependencies": {
          "Microsoft.Extensions.Configuration": "10.0.0-preview.5.25277.114",
          "Microsoft.Extensions.Configuration.Abstractions": "10.0.0-preview.5.25277.114"
        }
      },
      "Microsoft.Extensions.Configuration.EnvironmentVariables": {
        "type": "Transitive",
        "resolved": "10.0.0-preview.5.25277.114",
        "contentHash": "YkmoPqgVx9eOH81f2Vy4/ksHDOiVethSNy82S7mmkIvdhVnoSh0Gy69QCtMF6l/I5bLAZFTHg8//Pf5/w/PQyA==",
        "dependencies": {
          "Microsoft.Extensions.Configuration": "10.0.0-preview.5.25277.114",
          "Microsoft.Extensions.Configuration.Abstractions": "10.0.0-preview.5.25277.114"
        }
      },
      "Microsoft.Extensions.Configuration.FileExtensions": {
        "type": "Transitive",
        "resolved": "10.0.0-preview.5.25277.114",
        "contentHash": "rU0O6yBAsWfrkz7NdrZTzhyENrWbXJhEcg0Lqg2/EQj+HjbOvx1+mhD2zMpUwnKs/zPQNr8E5bi6fxPHT41pwA==",
        "dependencies": {
          "Microsoft.Extensions.Configuration": "10.0.0-preview.5.25277.114",
          "Microsoft.Extensions.Configuration.Abstractions": "10.0.0-preview.5.25277.114",
          "Microsoft.Extensions.FileProviders.Abstractions": "10.0.0-preview.5.25277.114",
          "Microsoft.Extensions.FileProviders.Physical": "10.0.0-preview.5.25277.114",
          "Microsoft.Extensions.Primitives": "10.0.0-preview.5.25277.114"
        }
      },
      "Microsoft.Extensions.Configuration.Json": {
        "type": "Transitive",
        "resolved": "10.0.0-preview.5.25277.114",
        "contentHash": "/hHgJ1vPZYMS8ogxncfMBMX+bKOxHEpTQh73v0t1yaqUTPehPaPcPb0WhlReRDgsg84raZff204e1LNljjJ97w==",
        "dependencies": {
          "Microsoft.Extensions.Configuration": "10.0.0-preview.5.25277.114",
          "Microsoft.Extensions.Configuration.Abstractions": "10.0.0-preview.5.25277.114",
          "Microsoft.Extensions.Configuration.FileExtensions": "10.0.0-preview.5.25277.114",
          "Microsoft.Extensions.FileProviders.Abstractions": "10.0.0-preview.5.25277.114"
        }
      },
      "Microsoft.Extensions.Configuration.UserSecrets": {
        "type": "Transitive",
        "resolved": "10.0.0-preview.5.25277.114",
        "contentHash": "49uUJPxZAcBUYRYZwVdD4olMnP9ZKpXI3lwRoycBOTRGsxQ2WPRecMthku7Y9pAjyu2YGYgBbbdxWMB2G+ecSA==",
        "dependencies": {
          "Microsoft.Extensions.Configuration.Abstractions": "10.0.0-preview.5.25277.114",
          "Microsoft.Extensions.Configuration.Json": "10.0.0-preview.5.25277.114",
          "Microsoft.Extensions.FileProviders.Abstractions": "10.0.0-preview.5.25277.114",
          "Microsoft.Extensions.FileProviders.Physical": "10.0.0-preview.5.25277.114"
        }
      },
      "Microsoft.Extensions.DependencyInjection": {
        "type": "Transitive",
        "resolved": "10.0.0-preview.5.25277.114",
        "contentHash": "DpNwgRfOKVZ9XNmVUgtJog+IUSdePq+YfSNtLbgoID82elpicMJYDufDK9aMAOpZ+piTkdr1lyonQ7tDF4qDiA==",
        "dependencies": {
          "Microsoft.Extensions.DependencyInjection.Abstractions": "10.0.0-preview.5.25277.114"
        }
      },
      "Microsoft.Extensions.DependencyInjection.Abstractions": {
        "type": "Transitive",
        "resolved": "10.0.0-preview.5.25277.114",
        "contentHash": "t0CbrAKI3cL+s2wV6UMf1Wg2wPPZ/ABO2Zi+HALJrd4vSQtskzz4rU+jr0ZKfVSnpj1QuYigj2pIWtQAbqPuLQ=="
      },
      "Microsoft.Extensions.Diagnostics": {
        "type": "Transitive",
        "resolved": "10.0.0-preview.5.25277.114",
        "contentHash": "OfC2EIjgbWKpfoxOLja3ulfvv6JGIQ+qFM2MCNAgVGZwi/nIXy0tf7pOpqCpvYIzi9YlsvI+mdU0eIbj9fBTxA==",
        "dependencies": {
          "Microsoft.Extensions.Configuration": "10.0.0-preview.5.25277.114",
          "Microsoft.Extensions.Diagnostics.Abstractions": "10.0.0-preview.5.25277.114",
          "Microsoft.Extensions.Options.ConfigurationExtensions": "10.0.0-preview.5.25277.114"
        }
      },
      "Microsoft.Extensions.Diagnostics.Abstractions": {
        "type": "Transitive",
        "resolved": "10.0.0-preview.5.25277.114",
        "contentHash": "GQiI7yO4IzK3mOxIxl98AGRqqr0RmuDoC3vi+cmJLsj8YqK8Gq2Tcb28ZfUc2/S90dfFto64Ol48Hc+sUQre6g==",
        "dependencies": {
          "Microsoft.Extensions.DependencyInjection.Abstractions": "10.0.0-preview.5.25277.114",
          "Microsoft.Extensions.Options": "10.0.0-preview.5.25277.114"
        }
      },
      "Microsoft.Extensions.Diagnostics.HealthChecks": {
        "type": "Transitive",
        "resolved": "9.0.4",
        "contentHash": "jW9lhWQzOOL5sBUCNtAiS6B7tGeLlxJVDjwNuQAQl6dDt9PAAxt3+T2F2jtcvi7KoujgzAdkKQKtGoRaAGlD9w==",
        "dependencies": {
          "Microsoft.Extensions.Diagnostics.HealthChecks.Abstractions": "9.0.4",
          "Microsoft.Extensions.Hosting.Abstractions": "9.0.4",
          "Microsoft.Extensions.Logging.Abstractions": "9.0.4",
          "Microsoft.Extensions.Options": "9.0.4"
        }
      },
      "Microsoft.Extensions.Diagnostics.HealthChecks.Abstractions": {
        "type": "Transitive",
        "resolved": "9.0.4",
        "contentHash": "XM6WwNbDkVuGhDN89eKxA2Og2eMDXB0PVI7PEzl2R0MbFjYUlfTh7D7vBPEWUVCf2zPDAFiwcMlnVzi6Umq5mg=="
      },
      "Microsoft.Extensions.FileProviders.Abstractions": {
        "type": "Transitive",
        "resolved": "10.0.0-preview.5.25277.114",
        "contentHash": "iU4ed05wyiQkgc4S7NMaBwcoyxB4XKFPdR3CB4GPIk0ZYfvS+TUtG/Xea8+yS3tdkGaCKW8oZfju/dm5n/uJkQ==",
        "dependencies": {
          "Microsoft.Extensions.Primitives": "10.0.0-preview.5.25277.114"
        }
      },
      "Microsoft.Extensions.FileProviders.Physical": {
        "type": "Transitive",
        "resolved": "10.0.0-preview.5.25277.114",
        "contentHash": "ACO/b27o1zgz1k1SODgKZhxmFI6rrrI1KvH8ssHTpvBvsc1f/SIivs/xbXLvTlpr2SvwjhsJuRDgA4pZSbOYvg==",
        "dependencies": {
          "Microsoft.Extensions.FileProviders.Abstractions": "10.0.0-preview.5.25277.114",
          "Microsoft.Extensions.FileSystemGlobbing": "10.0.0-preview.5.25277.114",
          "Microsoft.Extensions.Primitives": "10.0.0-preview.5.25277.114"
        }
      },
      "Microsoft.Extensions.FileSystemGlobbing": {
        "type": "Transitive",
        "resolved": "10.0.0-preview.5.25277.114",
        "contentHash": "IZeLxORKBkG1Qun3Zw1+vW2K/+dC4UIjiPHfm1/xMMAxDPDO0AXaT4mfTY18+pa243bsAvYYNDQ44QPtxPDkEA=="
      },
      "Microsoft.Extensions.Hosting.Abstractions": {
        "type": "Transitive",
        "resolved": "10.0.0-preview.5.25277.114",
        "contentHash": "NgdrJ+dUyw31dvd8snAGBRKD8GwwI6WRURCCA1NvdOmK/nY842J86YxP/RY/lnFrpLbGEEuQXm9yMfmfBccEFg==",
        "dependencies": {
          "Microsoft.Extensions.Configuration.Abstractions": "10.0.0-preview.5.25277.114",
          "Microsoft.Extensions.DependencyInjection.Abstractions": "10.0.0-preview.5.25277.114",
          "Microsoft.Extensions.Diagnostics.Abstractions": "10.0.0-preview.5.25277.114",
          "Microsoft.Extensions.FileProviders.Abstractions": "10.0.0-preview.5.25277.114",
          "Microsoft.Extensions.Logging.Abstractions": "10.0.0-preview.5.25277.114"
        }
      },
      "Microsoft.Extensions.Http": {
        "type": "Transitive",
        "resolved": "9.0.4",
        "contentHash": "ezelU6HJgmq4862YoWuEbHGSV+JnfnonTSbNSJVh6n6wDehyiJn4hBtcK7rGbf2KO3QeSvK5y8E7uzn1oaRH5w==",
        "dependencies": {
          "Microsoft.Extensions.Configuration.Abstractions": "9.0.4",
          "Microsoft.Extensions.DependencyInjection.Abstractions": "9.0.4",
          "Microsoft.Extensions.Diagnostics": "9.0.4",
          "Microsoft.Extensions.Logging": "9.0.4",
          "Microsoft.Extensions.Logging.Abstractions": "9.0.4",
          "Microsoft.Extensions.Options": "9.0.4"
        }
      },
      "Microsoft.Extensions.Logging": {
        "type": "Transitive",
        "resolved": "10.0.0-preview.5.25277.114",
        "contentHash": "iGH9mizSDtlcMa5/t7BHS3oGFUu/Oc85AxUmvTTNFZ10EzXfkSy5l6WJWlKokVel+NNbdn8S9FTPNgiCijjIkg==",
        "dependencies": {
          "Microsoft.Extensions.DependencyInjection": "10.0.0-preview.5.25277.114",
          "Microsoft.Extensions.Logging.Abstractions": "10.0.0-preview.5.25277.114",
          "Microsoft.Extensions.Options": "10.0.0-preview.5.25277.114"
        }
      },
      "Microsoft.Extensions.Logging.Abstractions": {
        "type": "Transitive",
        "resolved": "10.0.0-preview.5.25277.114",
        "contentHash": "NcC1ZCcg4DPiej9GBqGEcC3mVjRl1QLlHJGzOHUEZkywkzMoHy5xjiIObpZNcy7XKbl1DYzyuqudDz04QdYIDw==",
        "dependencies": {
          "Microsoft.Extensions.DependencyInjection.Abstractions": "10.0.0-preview.5.25277.114"
        }
      },
      "Microsoft.Extensions.Logging.Configuration": {
        "type": "Transitive",
        "resolved": "10.0.0-preview.5.25277.114",
        "contentHash": "hqWTkzy5n4ZhgbfwdaM7JrJQaq81M4dDyyjLDBNEgjIcFqHWt5bQYE2xzVucM9fFE6iudnT1rAx633VRtkIscA==",
        "dependencies": {
          "Microsoft.Extensions.Configuration": "10.0.0-preview.5.25277.114",
          "Microsoft.Extensions.Configuration.Abstractions": "10.0.0-preview.5.25277.114",
          "Microsoft.Extensions.Configuration.Binder": "10.0.0-preview.5.25277.114",
          "Microsoft.Extensions.DependencyInjection.Abstractions": "10.0.0-preview.5.25277.114",
          "Microsoft.Extensions.Logging": "10.0.0-preview.5.25277.114",
          "Microsoft.Extensions.Logging.Abstractions": "10.0.0-preview.5.25277.114",
          "Microsoft.Extensions.Options": "10.0.0-preview.5.25277.114",
          "Microsoft.Extensions.Options.ConfigurationExtensions": "10.0.0-preview.5.25277.114"
        }
      },
      "Microsoft.Extensions.Logging.Console": {
        "type": "Transitive",
        "resolved": "10.0.0-preview.5.25277.114",
        "contentHash": "KCdzd1JeUmiW8ESOtYY3gfgoERnVCFCCDErGJcgSu+rpYi5nIgSuvPPSgx1VSryRTzURLSLgsEBCr+/7slzVvw==",
        "dependencies": {
          "Microsoft.Extensions.DependencyInjection.Abstractions": "10.0.0-preview.5.25277.114",
          "Microsoft.Extensions.Logging": "10.0.0-preview.5.25277.114",
          "Microsoft.Extensions.Logging.Abstractions": "10.0.0-preview.5.25277.114",
          "Microsoft.Extensions.Logging.Configuration": "10.0.0-preview.5.25277.114",
          "Microsoft.Extensions.Options": "10.0.0-preview.5.25277.114"
        }
      },
      "Microsoft.Extensions.Logging.Debug": {
        "type": "Transitive",
        "resolved": "10.0.0-preview.5.25277.114",
        "contentHash": "nMFqnJcFkorH+umXiiQxuYOok9yhGIbn8hNWtESuNGx+28oZHDtQbqc7xw5p8w1rz+Lo3lDlMHRu93MetVnOnw==",
        "dependencies": {
          "Microsoft.Extensions.DependencyInjection.Abstractions": "10.0.0-preview.5.25277.114",
          "Microsoft.Extensions.Logging": "10.0.0-preview.5.25277.114",
          "Microsoft.Extensions.Logging.Abstractions": "10.0.0-preview.5.25277.114"
        }
      },
      "Microsoft.Extensions.Logging.EventLog": {
        "type": "Transitive",
        "resolved": "10.0.0-preview.5.25277.114",
        "contentHash": "GG1/jAgjOOZ11ByUyHszAKeqLnRE3sSXb6p8lebVj9UIso3oqZSlSFWJT3rCLLShOoPnW5b3QJlSbXfbVjSzPw==",
        "dependencies": {
          "Microsoft.Extensions.DependencyInjection.Abstractions": "10.0.0-preview.5.25277.114",
          "Microsoft.Extensions.Logging": "10.0.0-preview.5.25277.114",
          "Microsoft.Extensions.Logging.Abstractions": "10.0.0-preview.5.25277.114",
          "Microsoft.Extensions.Options": "10.0.0-preview.5.25277.114",
          "System.Diagnostics.EventLog": "10.0.0-preview.5.25277.114"
        }
      },
      "Microsoft.Extensions.Logging.EventSource": {
        "type": "Transitive",
        "resolved": "10.0.0-preview.5.25277.114",
        "contentHash": "K252dRMPqdMfY37va3K1H4mLVdwoA3Rxp6kJwaE6+rw9YmHZBqfJFUIQX2NyqSCfM8XkR8u35tWFjQU368bTCA==",
        "dependencies": {
          "Microsoft.Extensions.DependencyInjection.Abstractions": "10.0.0-preview.5.25277.114",
          "Microsoft.Extensions.Logging": "10.0.0-preview.5.25277.114",
          "Microsoft.Extensions.Logging.Abstractions": "10.0.0-preview.5.25277.114",
          "Microsoft.Extensions.Options": "10.0.0-preview.5.25277.114",
          "Microsoft.Extensions.Primitives": "10.0.0-preview.5.25277.114"
        }
      },
      "Microsoft.Extensions.Options": {
        "type": "Transitive",
        "resolved": "10.0.0-preview.5.25277.114",
        "contentHash": "IzAXVHABOW+ZzRIcfFdatr2yFUg3DgafeTOQosub704cUPDlOSW3iI+yuRLxbqE2Jxx0DMGUDLOP4HoeFXBA0g==",
        "dependencies": {
          "Microsoft.Extensions.DependencyInjection.Abstractions": "10.0.0-preview.5.25277.114",
          "Microsoft.Extensions.Primitives": "10.0.0-preview.5.25277.114"
        }
      },
      "Microsoft.Extensions.Options.ConfigurationExtensions": {
        "type": "Transitive",
        "resolved": "10.0.0-preview.5.25277.114",
        "contentHash": "0iSn4A90cEhnnPqwbV2ARR3EXYnluACYFDVmGY5b/vb1blHIQ7uA9h7tT2Iw1MhgP/oS4wBypcCMO8tKy/YOrQ==",
        "dependencies": {
          "Microsoft.Extensions.Configuration.Abstractions": "10.0.0-preview.5.25277.114",
          "Microsoft.Extensions.Configuration.Binder": "10.0.0-preview.5.25277.114",
          "Microsoft.Extensions.DependencyInjection.Abstractions": "10.0.0-preview.5.25277.114",
          "Microsoft.Extensions.Options": "10.0.0-preview.5.25277.114",
          "Microsoft.Extensions.Primitives": "10.0.0-preview.5.25277.114"
        }
      },
      "Microsoft.Extensions.Primitives": {
        "type": "Transitive",
        "resolved": "10.0.0-preview.5.25277.114",
        "contentHash": "CAUfd41c6W6P1B90rJSf5dyJBJSwSIbRexJ2W+h0MASF/4dDKlUn33gPeS6DYeOsL4d/RebiIdBoVdOTBdMCcQ=="
      },
      "Microsoft.NET.StringTools": {
        "type": "Transitive",
        "resolved": "17.6.3",
        "contentHash": "N0ZIanl1QCgvUumEL1laasU0a7sOE5ZwLZVTn0pAePnfhq8P7SvTjF8Axq+CnavuQkmdQpGNXQ1efZtu5kDFbA=="
      },
      "Microsoft.VisualStudio.Threading.Only": {
        "type": "Transitive",
        "resolved": "17.13.61",
        "contentHash": "vl5a2URJYCO5m+aZZtNlAXAMz28e2pUotRuoHD7RnCWOCeoyd8hWp5ZBaLNYq4iEj2oeJx5ZxiSboAjVmB20Qg==",
        "dependencies": {
          "Microsoft.VisualStudio.Validation": "17.8.8"
        }
      },
      "Microsoft.VisualStudio.Validation": {
        "type": "Transitive",
        "resolved": "17.8.8",
        "contentHash": "rWXThIpyQd4YIXghNkiv2+VLvzS+MCMKVRDR0GAMlflsdo+YcAN2g2r5U1Ah98OFjQMRexTFtXQQ2LkajxZi3g=="
      },
      "Nerdbank.Streams": {
        "type": "Transitive",
        "resolved": "2.12.87",
        "contentHash": "oDKOeKZ865I5X8qmU3IXMyrAnssYEiYWTobPGdrqubN3RtTzEHIv+D6fwhdcfrdhPJzHjCkK/ORztR/IsnmA6g==",
        "dependencies": {
          "Microsoft.VisualStudio.Threading.Only": "17.13.61",
          "Microsoft.VisualStudio.Validation": "17.8.8"
        }
      },
      "Newtonsoft.Json": {
        "type": "Transitive",
        "resolved": "13.0.3",
        "contentHash": "HrC5BXdl00IP9zeV+0Z848QWPAoCr9P3bDEZguI+gkLcBKAOxix/tLEAAHC+UvDNPv4a2d18lOReHMOagPa+zQ=="
      },
      "Npgsql": {
        "type": "Transitive",
        "resolved": "8.0.3",
        "contentHash": "6WEmzsQJCZAlUG1pThKg/RmeF6V+I0DmBBBE/8YzpRtEzhyZzKcK7ulMANDm5CkxrALBEC8H+5plxHWtIL7xnA==",
        "dependencies": {
          "Microsoft.Extensions.Logging.Abstractions": "8.0.0"
        }
      },
      "Pipelines.Sockets.Unofficial": {
        "type": "Transitive",
        "resolved": "2.2.8",
        "contentHash": "zG2FApP5zxSx6OcdJQLbZDk2AVlN2BNQD6MorwIfV6gVj0RRxWPEp2LXAxqDGZqeNV1Zp0BNPcNaey/GXmTdvQ=="
      },
      "Polly.Core": {
        "type": "Transitive",
        "resolved": "8.5.2",
        "contentHash": "1MJKdxv4zwDmiWvYvVN24DsrWUfgQ4F83voH8bhbtLMdPuGy8CfTUzsgQhvyrl1a7hrM6f/ydwLVdVUI0xooUw=="
      },
      "StackExchange.Redis": {
        "type": "Transitive",
        "resolved": "2.8.37",
        "contentHash": "ULscDAQR+z132IsLczXcM/PG+EyfQMNxhvqjG1Xd/h/J1O9prsUU4pG9d95xv77lUF8v3X6owpf/11Uh0uvZAQ==",
        "dependencies": {
          "Microsoft.Extensions.Logging.Abstractions": "6.0.0",
          "Pipelines.Sockets.Unofficial": "2.2.8"
        }
      },
      "System.Diagnostics.EventLog": {
        "type": "Transitive",
        "resolved": "10.0.0-preview.5.25277.114",
        "contentHash": "8F+FJBhZAi1Xl+2quQt2lv3KRkKkmdaGIJ4/dICWs5ARFBNFf3ISKL2d/5Xdgx+fDChzgM5uYY9EUY6jeSPrRQ=="
      },
      "System.IO.Hashing": {
        "type": "Transitive",
        "resolved": "9.0.4",
        "contentHash": "WogPvgAFqQORFD8Iyha6RZ+/1QB3dsWRWxbwi8/HHVgiGQ8z0oMWpwe8Kk3Ti+Roe+P6a3sBg+WwBfEsyziZKg=="
      },
      "YamlDotNet": {
        "type": "Transitive",
        "resolved": "16.3.0",
        "contentHash": "SgMOdxbz8X65z8hraIs6hOEdnkH6hESTAIUa7viEngHOYaH+6q5XJmwr1+yb9vJpNQ19hCQY69xbFsLtXpobQA=="
      },
      "Microsoft.Extensions.Hosting": {
        "type": "CentralTransitive",
        "requested": "[10.0.0-preview.5.25277.114, )",
        "resolved": "10.0.0-preview.5.25277.114",
        "contentHash": "yyvRTegMQxEm5HgmBHpyKiGZEeWF7ZKG4wsfFmeVU9UdJDyIhhNc4sSCWqSZES3SNma6nbU1cW5PeWbwRpHM5Q==",
        "dependencies": {
          "Microsoft.Extensions.Configuration": "10.0.0-preview.5.25277.114",
          "Microsoft.Extensions.Configuration.Abstractions": "10.0.0-preview.5.25277.114",
          "Microsoft.Extensions.Configuration.Binder": "10.0.0-preview.5.25277.114",
          "Microsoft.Extensions.Configuration.CommandLine": "10.0.0-preview.5.25277.114",
          "Microsoft.Extensions.Configuration.EnvironmentVariables": "10.0.0-preview.5.25277.114",
          "Microsoft.Extensions.Configuration.FileExtensions": "10.0.0-preview.5.25277.114",
          "Microsoft.Extensions.Configuration.Json": "10.0.0-preview.5.25277.114",
          "Microsoft.Extensions.Configuration.UserSecrets": "10.0.0-preview.5.25277.114",
          "Microsoft.Extensions.DependencyInjection": "10.0.0-preview.5.25277.114",
          "Microsoft.Extensions.DependencyInjection.Abstractions": "10.0.0-preview.5.25277.114",
          "Microsoft.Extensions.Diagnostics": "10.0.0-preview.5.25277.114",
          "Microsoft.Extensions.FileProviders.Abstractions": "10.0.0-preview.5.25277.114",
          "Microsoft.Extensions.FileProviders.Physical": "10.0.0-preview.5.25277.114",
          "Microsoft.Extensions.Hosting.Abstractions": "10.0.0-preview.5.25277.114",
          "Microsoft.Extensions.Logging": "10.0.0-preview.5.25277.114",
          "Microsoft.Extensions.Logging.Abstractions": "10.0.0-preview.5.25277.114",
          "Microsoft.Extensions.Logging.Configuration": "10.0.0-preview.5.25277.114",
          "Microsoft.Extensions.Logging.Console": "10.0.0-preview.5.25277.114",
          "Microsoft.Extensions.Logging.Debug": "10.0.0-preview.5.25277.114",
          "Microsoft.Extensions.Logging.EventLog": "10.0.0-preview.5.25277.114",
          "Microsoft.Extensions.Logging.EventSource": "10.0.0-preview.5.25277.114",
          "Microsoft.Extensions.Options": "10.0.0-preview.5.25277.114"
        }
      },
      "StreamJsonRpc": {
        "type": "CentralTransitive",
        "requested": "[2.22.11, )",
        "resolved": "2.22.11",
        "contentHash": "TQcqBFswLNpdSJANjhxZmIIe0Yl0kGqzjZ+uHLdhrkxntofvNu6C53XPEEYQ3Wkj8AorKumkuv/VMvTH4BHOZw==",
        "dependencies": {
          "MessagePack": "2.5.192",
          "Microsoft.VisualStudio.Threading.Only": "17.13.61",
          "Microsoft.VisualStudio.Validation": "17.8.8",
          "Nerdbank.Streams": "2.12.87",
          "Newtonsoft.Json": "13.0.3"
        }
      }
    }
  }
}