{
  "version": 2,
  "dependencies": {
    "net10.0": {
      "Microsoft.NET.ILLink.Tasks": {
        "type": "Direct",
        "requested": "[10.0.0-preview.5.25277.114, )",
        "resolved": "10.0.0-preview.5.25277.114",
        "contentHash": "lKaVaiJvMwAny3XEQI8zP88GVLKBQeb5VIG25jzGkoO4ilRWJAJpYgP0EmgBi4BjJB5PbKEAuMCEbxYthf2vQw=="
      },
      "SonarAnalyzer.CSharp": {
        "type": "Direct",
        "requested": "[10.12.0.118525, )",
        "resolved": "10.12.0.118525",
        "contentHash": "uP38bsYegQBk8WOM6LYIAht6hrA7tcJgep/WuifPJjhjtjysPUP/iM/c1+P2+llNIDmm1s8Xh86+WG3K71eycw=="
      },
      "tourbooking.tours.domain": {
        "type": "Project"
      }
    }
  }
}